
Microsoft Visual Studio Solution File, Format Version 12.00
# Visual Studio Version 17
VisualStudioVersion = 17.14.36429.23 d17.14
MinimumVisualStudioVersion = 10.0.40219.1
Project("{FAE04EC0-301F-11D3-BF4B-00C04F79EFBC}") = "FoodPOS", "FoodPOS\FoodPOS.csproj", "{28C140BF-C1DE-4F0B-BDDF-0806C3C3BBDD}"
EndProject
Global
	GlobalSection(SolutionConfigurationPlatforms) = preSolution
		Debug|Any CPU = Debug|Any CPU
		Release|Any CPU = Release|Any CPU
	EndGlobalSection
	GlobalSection(ProjectConfigurationPlatforms) = postSolution
		{28C140BF-C1DE-4F0B-BDDF-0806C3C3BBDD}.Debug|Any CPU.ActiveCfg = Debug|Any CPU
		{28C140BF-C1DE-4F0B-BDDF-0806C3C3BBDD}.Debug|Any CPU.Build.0 = Debug|Any CPU
		{28C140BF-C1DE-4F0B-BDDF-0806C3C3BBDD}.Release|Any CPU.ActiveCfg = Release|Any CPU
		{28C140BF-C1DE-4F0B-BDDF-0806C3C3BBDD}.Release|Any CPU.Build.0 = Release|Any CPU
	EndGlobalSection
	GlobalSection(SolutionProperties) = preSolution
		HideSolutionNode = FALSE
	EndGlobalSection
	GlobalSection(ExtensibilityGlobals) = postSolution
		SolutionGuid = {8E3D3ADB-1C47-4AFB-947E-1DC3E0E8B8AB}
	EndGlobalSection
EndGlobal
